
Microsoft Visual Studio Solution File, Format Version 12.00
# Visual Studio Version 17
VisualStudioVersion = 17.1.32414.318
MinimumVisualStudioVersion = 10.0.40219.1
Project("{FAE04EC0-301F-11D3-BF4B-00C04F79EFBC}") = "Code-challenges", "Code-challenges\Code-challenges.csproj", "{3C933362-9208-4C43-8A28-7183BA0BD03F}"
EndProject
Global
	GlobalSection(SolutionConfigurationPlatforms) = preSolution
		Debug|Any CPU = Debug|Any CPU
		Release|Any CPU = Release|Any CPU
	EndGlobalSection
	GlobalSection(ProjectConfigurationPlatforms) = postSolution
		{3C933362-9208-4C43-8A28-7183BA0BD03F}.Debug|Any CPU.ActiveCfg = Debug|Any CPU
		{3C933362-9208-4C43-8A28-7183BA0BD03F}.Debug|Any CPU.Build.0 = Debug|Any CPU
		{3C933362-9208-4C43-8A28-7183BA0BD03F}.Release|Any CPU.ActiveCfg = Release|Any CPU
		{3C933362-9208-4C43-8A28-7183BA0BD03F}.Release|Any CPU.Build.0 = Release|Any CPU
	EndGlobalSection
	GlobalSection(SolutionProperties) = preSolution
		HideSolutionNode = FALSE
	EndGlobalSection
	GlobalSection(ExtensibilityGlobals) = postSolution
		SolutionGuid = {177649FE-F8F4-4E4D-A352-29C18446A047}
	EndGlobalSection
EndGlobal
